
Microsoft Visual Studio Solution File, Format Version 12.00
# Visual Studio Version 17
VisualStudioVersion = 17.3.32901.215
MinimumVisualStudioVersion = 10.0.40219.1
Project("{9A19103F-16F7-4668-BE54-9A1E7A4F7556}") = "Lexer", "Lab1\Lexer.csproj", "{17353A09-6AD1-4ED5-A469-7E306FB6A0C4}"
EndProject
Project("{9A19103F-16F7-4668-BE54-9A1E7A4F7556}") = "Tests", "Tests\Tests.csproj", "{262E7637-A7AB-4A2C-BD97-3DE20EDB204F}"
EndProject
Project("{9A19103F-16F7-4668-BE54-9A1E7A4F7556}") = "Scala", "Scala\Scala.csproj", "{884F0E83-1E61-4E6C-B476-70B8B0F79A17}"
EndProject
Global
	GlobalSection(SolutionConfigurationPlatforms) = preSolution
		Debug|Any CPU = Debug|Any CPU
		Release|Any CPU = Release|Any CPU
	EndGlobalSection
	GlobalSection(ProjectConfigurationPlatforms) = postSolution
		{17353A09-6AD1-4ED5-A469-7E306FB6A0C4}.Debug|Any CPU.ActiveCfg = Debug|Any CPU
		{17353A09-6AD1-4ED5-A469-7E306FB6A0C4}.Debug|Any CPU.Build.0 = Debug|Any CPU
		{17353A09-6AD1-4ED5-A469-7E306FB6A0C4}.Release|Any CPU.ActiveCfg = Release|Any CPU
		{17353A09-6AD1-4ED5-A469-7E306FB6A0C4}.Release|Any CPU.Build.0 = Release|Any CPU
		{262E7637-A7AB-4A2C-BD97-3DE20EDB204F}.Debug|Any CPU.ActiveCfg = Debug|Any CPU
		{262E7637-A7AB-4A2C-BD97-3DE20EDB204F}.Debug|Any CPU.Build.0 = Debug|Any CPU
		{262E7637-A7AB-4A2C-BD97-3DE20EDB204F}.Release|Any CPU.ActiveCfg = Release|Any CPU
		{262E7637-A7AB-4A2C-BD97-3DE20EDB204F}.Release|Any CPU.Build.0 = Release|Any CPU
		{884F0E83-1E61-4E6C-B476-70B8B0F79A17}.Debug|Any CPU.ActiveCfg = Debug|Any CPU
		{884F0E83-1E61-4E6C-B476-70B8B0F79A17}.Debug|Any CPU.Build.0 = Debug|Any CPU
		{884F0E83-1E61-4E6C-B476-70B8B0F79A17}.Release|Any CPU.ActiveCfg = Release|Any CPU
		{884F0E83-1E61-4E6C-B476-70B8B0F79A17}.Release|Any CPU.Build.0 = Release|Any CPU
	EndGlobalSection
	GlobalSection(SolutionProperties) = preSolution
		HideSolutionNode = FALSE
	EndGlobalSection
	GlobalSection(ExtensibilityGlobals) = postSolution
		SolutionGuid = {6A38CED5-4F4D-49F3-BACA-A7FEC27942AA}
	EndGlobalSection
EndGlobal
